
Microsoft Visual Studio Solution File, Format Version 12.00
# Visual Studio Version 17
VisualStudioVersion = 17.3.32825.248
MinimumVisualStudioVersion = 10.0.40219.1
Project("{2150E333-8FDC-42A3-9474-1A3956D46DE8}") = "Clients", "Clients", "{201AF02D-59FD-443F-955D-6EF293E0D0FA}"
EndProject
Project("{9A19103F-16F7-4668-BE54-9A1E7A4F7556}") = "Clients.Application", "clients\Clients.Application\Clients.Application.csproj", "{6F87A7B0-8A20-4C61-9540-4D198158F540}"
EndProject
Project("{9A19103F-16F7-4668-BE54-9A1E7A4F7556}") = "Clients.API", "clients\Clients.API\Clients.API.csproj", "{19539B20-9D63-466D-9BB2-5F5011D27CD7}"
EndProject
Project("{9A19103F-16F7-4668-BE54-9A1E7A4F7556}") = "Clients.Domain", "clients\Clients.Domain\Clients.Domain.csproj", "{19D6257B-1128-481E-9582-09E8E9E023FE}"
EndProject
Project("{9A19103F-16F7-4668-BE54-9A1E7A4F7556}") = "Clients.Infrastructure", "Clients\Clients.Infrastructure\Clients.Infrastructure.csproj", "{74D6835E-CF40-4C9C-9CD7-9CA273B0CE73}"
EndProject
Project("{2150E333-8FDC-42A3-9474-1A3956D46DE8}") = "IdentityService", "IdentityService", "{3FB3CA67-A3CD-43F3-9774-6DDBC1D6E7A0}"
EndProject
Project("{9A19103F-16F7-4668-BE54-9A1E7A4F7556}") = "IdentityService.API", "IdentityService\IdentityService.API\IdentityService.API.csproj", "{EF1D39BF-0FE5-4D6D-92CF-3DC7467BAF7B}"
EndProject
Project("{9A19103F-16F7-4668-BE54-9A1E7A4F7556}") = "IdentityService.Service", "IdentityService\IdentityService.Service\IdentityService.Service.csproj", "{EE8B84B5-BECF-41F0-B2B0-E4E9C6B2DD95}"
EndProject
Project("{9A19103F-16F7-4668-BE54-9A1E7A4F7556}") = "IdentityService.Application", "IdentityService\IdentityService.Application\IdentityService.Application.csproj", "{D99D191E-16F6-4F4E-AE61-DBF8DB38E19E}"
EndProject
Project("{9A19103F-16F7-4668-BE54-9A1E7A4F7556}") = "IdentityService.Interfaces", "IdentityService\IdentityService.Interfaces\IdentityService.Interfaces.csproj", "{AE897BA2-5880-4397-B3EE-C6BEB1F676E3}"
EndProject
Project("{9A19103F-16F7-4668-BE54-9A1E7A4F7556}") = "Clients.Tests", "Clients\Clients.Tests\Clients.Tests.csproj", "{7379CF62-B496-4928-8773-62793E9D8290}"
EndProject
Project("{9A19103F-16F7-4668-BE54-9A1E7A4F7556}") = "Clients.DB", "Clients\Clients.DB\Clients.DB.csproj", "{BE1FF1DD-ACCA-42B0-9C78-FCE3373C2992}"
EndProject
Project("{9A19103F-16F7-4668-BE54-9A1E7A4F7556}") = "Clients.DataGeneration", "Clients\Clients.DataGeneration\Clients.DataGeneration.csproj", "{66FDF7F6-1A55-4447-87D7-70EA071508B2}"
EndProject
Project("{2150E333-8FDC-42A3-9474-1A3956D46DE8}") = "Solution Items", "Solution Items", "{78AFFDEE-CC64-4CD5-BAA9-9FD2941E14F3}"
	ProjectSection(SolutionItems) = preProject
		nuget.config = nuget.config
	EndProjectSection
EndProject
Project("{2150E333-8FDC-42A3-9474-1A3956D46DE8}") = "Infrastructure", "Infrastructure", "{70AE1E5B-E857-4876-A004-6E17168EF98A}"
EndProject
Project("{9A19103F-16F7-4668-BE54-9A1E7A4F7556}") = "Designly.Shared", "Infrastructure\Shared\Designly.Shared.csproj", "{96B6C157-B526-4C52-A4C1-FB366CBEF87D}"
EndProject
Global
	GlobalSection(SolutionConfigurationPlatforms) = preSolution
		Debug|Any CPU = Debug|Any CPU
		Release|Any CPU = Release|Any CPU
	EndGlobalSection
	GlobalSection(ProjectConfigurationPlatforms) = postSolution
		{6F87A7B0-8A20-4C61-9540-4D198158F540}.Debug|Any CPU.ActiveCfg = Debug|Any CPU
		{6F87A7B0-8A20-4C61-9540-4D198158F540}.Debug|Any CPU.Build.0 = Debug|Any CPU
		{6F87A7B0-8A20-4C61-9540-4D198158F540}.Release|Any CPU.ActiveCfg = Release|Any CPU
		{6F87A7B0-8A20-4C61-9540-4D198158F540}.Release|Any CPU.Build.0 = Release|Any CPU
		{19539B20-9D63-466D-9BB2-5F5011D27CD7}.Debug|Any CPU.ActiveCfg = Debug|Any CPU
		{19539B20-9D63-466D-9BB2-5F5011D27CD7}.Debug|Any CPU.Build.0 = Debug|Any CPU
		{19539B20-9D63-466D-9BB2-5F5011D27CD7}.Release|Any CPU.ActiveCfg = Release|Any CPU
		{19539B20-9D63-466D-9BB2-5F5011D27CD7}.Release|Any CPU.Build.0 = Release|Any CPU
		{19D6257B-1128-481E-9582-09E8E9E023FE}.Debug|Any CPU.ActiveCfg = Debug|Any CPU
		{19D6257B-1128-481E-9582-09E8E9E023FE}.Debug|Any CPU.Build.0 = Debug|Any CPU
		{19D6257B-1128-481E-9582-09E8E9E023FE}.Release|Any CPU.ActiveCfg = Release|Any CPU
		{19D6257B-1128-481E-9582-09E8E9E023FE}.Release|Any CPU.Build.0 = Release|Any CPU
		{74D6835E-CF40-4C9C-9CD7-9CA273B0CE73}.Debug|Any CPU.ActiveCfg = Debug|Any CPU
		{74D6835E-CF40-4C9C-9CD7-9CA273B0CE73}.Debug|Any CPU.Build.0 = Debug|Any CPU
		{74D6835E-CF40-4C9C-9CD7-9CA273B0CE73}.Release|Any CPU.ActiveCfg = Release|Any CPU
		{74D6835E-CF40-4C9C-9CD7-9CA273B0CE73}.Release|Any CPU.Build.0 = Release|Any CPU
		{EF1D39BF-0FE5-4D6D-92CF-3DC7467BAF7B}.Debug|Any CPU.ActiveCfg = Debug|Any CPU
		{EF1D39BF-0FE5-4D6D-92CF-3DC7467BAF7B}.Debug|Any CPU.Build.0 = Debug|Any CPU
		{EF1D39BF-0FE5-4D6D-92CF-3DC7467BAF7B}.Release|Any CPU.ActiveCfg = Release|Any CPU
		{EF1D39BF-0FE5-4D6D-92CF-3DC7467BAF7B}.Release|Any CPU.Build.0 = Release|Any CPU
		{EE8B84B5-BECF-41F0-B2B0-E4E9C6B2DD95}.Debug|Any CPU.ActiveCfg = Debug|Any CPU
		{EE8B84B5-BECF-41F0-B2B0-E4E9C6B2DD95}.Debug|Any CPU.Build.0 = Debug|Any CPU
		{EE8B84B5-BECF-41F0-B2B0-E4E9C6B2DD95}.Release|Any CPU.ActiveCfg = Release|Any CPU
		{EE8B84B5-BECF-41F0-B2B0-E4E9C6B2DD95}.Release|Any CPU.Build.0 = Release|Any CPU
		{D99D191E-16F6-4F4E-AE61-DBF8DB38E19E}.Debug|Any CPU.ActiveCfg = Debug|Any CPU
		{D99D191E-16F6-4F4E-AE61-DBF8DB38E19E}.Debug|Any CPU.Build.0 = Debug|Any CPU
		{D99D191E-16F6-4F4E-AE61-DBF8DB38E19E}.Release|Any CPU.ActiveCfg = Release|Any CPU
		{D99D191E-16F6-4F4E-AE61-DBF8DB38E19E}.Release|Any CPU.Build.0 = Release|Any CPU
		{AE897BA2-5880-4397-B3EE-C6BEB1F676E3}.Debug|Any CPU.ActiveCfg = Debug|Any CPU
		{AE897BA2-5880-4397-B3EE-C6BEB1F676E3}.Debug|Any CPU.Build.0 = Debug|Any CPU
		{AE897BA2-5880-4397-B3EE-C6BEB1F676E3}.Release|Any CPU.ActiveCfg = Release|Any CPU
		{AE897BA2-5880-4397-B3EE-C6BEB1F676E3}.Release|Any CPU.Build.0 = Release|Any CPU
		{7379CF62-B496-4928-8773-62793E9D8290}.Debug|Any CPU.ActiveCfg = Debug|Any CPU
		{7379CF62-B496-4928-8773-62793E9D8290}.Debug|Any CPU.Build.0 = Debug|Any CPU
		{7379CF62-B496-4928-8773-62793E9D8290}.Release|Any CPU.ActiveCfg = Release|Any CPU
		{7379CF62-B496-4928-8773-62793E9D8290}.Release|Any CPU.Build.0 = Release|Any CPU
		{BE1FF1DD-ACCA-42B0-9C78-FCE3373C2992}.Debug|Any CPU.ActiveCfg = Debug|Any CPU
		{BE1FF1DD-ACCA-42B0-9C78-FCE3373C2992}.Debug|Any CPU.Build.0 = Debug|Any CPU
		{BE1FF1DD-ACCA-42B0-9C78-FCE3373C2992}.Release|Any CPU.ActiveCfg = Release|Any CPU
		{BE1FF1DD-ACCA-42B0-9C78-FCE3373C2992}.Release|Any CPU.Build.0 = Release|Any CPU
		{66FDF7F6-1A55-4447-87D7-70EA071508B2}.Debug|Any CPU.ActiveCfg = Debug|Any CPU
		{66FDF7F6-1A55-4447-87D7-70EA071508B2}.Debug|Any CPU.Build.0 = Debug|Any CPU
		{66FDF7F6-1A55-4447-87D7-70EA071508B2}.Release|Any CPU.ActiveCfg = Release|Any CPU
		{66FDF7F6-1A55-4447-87D7-70EA071508B2}.Release|Any CPU.Build.0 = Release|Any CPU
		{96B6C157-B526-4C52-A4C1-FB366CBEF87D}.Debug|Any CPU.ActiveCfg = Debug|Any CPU
		{96B6C157-B526-4C52-A4C1-FB366CBEF87D}.Debug|Any CPU.Build.0 = Debug|Any CPU
		{96B6C157-B526-4C52-A4C1-FB366CBEF87D}.Release|Any CPU.ActiveCfg = Release|Any CPU
		{96B6C157-B526-4C52-A4C1-FB366CBEF87D}.Release|Any CPU.Build.0 = Release|Any CPU
	EndGlobalSection
	GlobalSection(SolutionProperties) = preSolution
		HideSolutionNode = FALSE
	EndGlobalSection
	GlobalSection(NestedProjects) = preSolution
		{6F87A7B0-8A20-4C61-9540-4D198158F540} = {201AF02D-59FD-443F-955D-6EF293E0D0FA}
		{19539B20-9D63-466D-9BB2-5F5011D27CD7} = {201AF02D-59FD-443F-955D-6EF293E0D0FA}
		{19D6257B-1128-481E-9582-09E8E9E023FE} = {201AF02D-59FD-443F-955D-6EF293E0D0FA}
		{74D6835E-CF40-4C9C-9CD7-9CA273B0CE73} = {201AF02D-59FD-443F-955D-6EF293E0D0FA}
		{EF1D39BF-0FE5-4D6D-92CF-3DC7467BAF7B} = {3FB3CA67-A3CD-43F3-9774-6DDBC1D6E7A0}
		{EE8B84B5-BECF-41F0-B2B0-E4E9C6B2DD95} = {3FB3CA67-A3CD-43F3-9774-6DDBC1D6E7A0}
		{D99D191E-16F6-4F4E-AE61-DBF8DB38E19E} = {3FB3CA67-A3CD-43F3-9774-6DDBC1D6E7A0}
		{AE897BA2-5880-4397-B3EE-C6BEB1F676E3} = {3FB3CA67-A3CD-43F3-9774-6DDBC1D6E7A0}
		{7379CF62-B496-4928-8773-62793E9D8290} = {201AF02D-59FD-443F-955D-6EF293E0D0FA}
		{BE1FF1DD-ACCA-42B0-9C78-FCE3373C2992} = {201AF02D-59FD-443F-955D-6EF293E0D0FA}
		{66FDF7F6-1A55-4447-87D7-70EA071508B2} = {201AF02D-59FD-443F-955D-6EF293E0D0FA}
		{96B6C157-B526-4C52-A4C1-FB366CBEF87D} = {70AE1E5B-E857-4876-A004-6E17168EF98A}
	EndGlobalSection
	GlobalSection(ExtensibilityGlobals) = postSolution
		SolutionGuid = {B8AF46F6-521A-4E09-B185-17EF099B95AF}
	EndGlobalSection
EndGlobal
